
Microsoft Visual Studio Solution File, Format Version 12.00
# Visual Studio Version 16
VisualStudioVersion = 16.0.31727.386
MinimumVisualStudioVersion = 10.0.40219.1
Project("{FAE04EC0-301F-11D3-BF4B-00C04F79EFBC}") = "MyCalorieTracker.Android", "MyCalorieTracker.Android\MyCalorieTracker.Android.csproj", "{AD9491F2-FD61-4004-B24A-ECBA09C35A4B}"
EndProject
Project("{FAE04EC0-301F-11D3-BF4B-00C04F79EFBC}") = "MyCalorieTracker.iOS", "MyCalorieTracker.iOS\MyCalorieTracker.iOS.csproj", "{393C6D75-AF98-4061-A49A-783D9AC0EBAC}"
EndProject
Project("{FAE04EC0-301F-11D3-BF4B-00C04F79EFBC}") = "MyCalorieTracker", "MyCalorieTracker\MyCalorieTracker.csproj", "{7CD1A135-9D21-464B-845B-BF3BBAD0FF80}"
EndProject
Global
	GlobalSection(SolutionConfigurationPlatforms) = preSolution
		Debug|Any CPU = Debug|Any CPU
		Debug|iPhone = Debug|iPhone
		Debug|iPhoneSimulator = Debug|iPhoneSimulator
		Release|Any CPU = Release|Any CPU
		Release|iPhone = Release|iPhone
		Release|iPhoneSimulator = Release|iPhoneSimulator
	EndGlobalSection
	GlobalSection(ProjectConfigurationPlatforms) = postSolution
		{AD9491F2-FD61-4004-B24A-ECBA09C35A4B}.Debug|Any CPU.ActiveCfg = Debug|Any CPU
		{AD9491F2-FD61-4004-B24A-ECBA09C35A4B}.Debug|Any CPU.Build.0 = Debug|Any CPU
		{AD9491F2-FD61-4004-B24A-ECBA09C35A4B}.Debug|Any CPU.Deploy.0 = Debug|Any CPU
		{AD9491F2-FD61-4004-B24A-ECBA09C35A4B}.Debug|iPhone.ActiveCfg = Debug|Any CPU
		{AD9491F2-FD61-4004-B24A-ECBA09C35A4B}.Debug|iPhone.Build.0 = Debug|Any CPU
		{AD9491F2-FD61-4004-B24A-ECBA09C35A4B}.Debug|iPhone.Deploy.0 = Debug|Any CPU
		{AD9491F2-FD61-4004-B24A-ECBA09C35A4B}.Debug|iPhoneSimulator.ActiveCfg = Debug|Any CPU
		{AD9491F2-FD61-4004-B24A-ECBA09C35A4B}.Debug|iPhoneSimulator.Build.0 = Debug|Any CPU
		{AD9491F2-FD61-4004-B24A-ECBA09C35A4B}.Debug|iPhoneSimulator.Deploy.0 = Debug|Any CPU
		{AD9491F2-FD61-4004-B24A-ECBA09C35A4B}.Release|Any CPU.ActiveCfg = Release|Any CPU
		{AD9491F2-FD61-4004-B24A-ECBA09C35A4B}.Release|Any CPU.Build.0 = Release|Any CPU
		{AD9491F2-FD61-4004-B24A-ECBA09C35A4B}.Release|Any CPU.Deploy.0 = Release|Any CPU
		{AD9491F2-FD61-4004-B24A-ECBA09C35A4B}.Release|iPhone.ActiveCfg = Release|Any CPU
		{AD9491F2-FD61-4004-B24A-ECBA09C35A4B}.Release|iPhone.Build.0 = Release|Any CPU
		{AD9491F2-FD61-4004-B24A-ECBA09C35A4B}.Release|iPhone.Deploy.0 = Release|Any CPU
		{AD9491F2-FD61-4004-B24A-ECBA09C35A4B}.Release|iPhoneSimulator.ActiveCfg = Release|Any CPU
		{AD9491F2-FD61-4004-B24A-ECBA09C35A4B}.Release|iPhoneSimulator.Build.0 = Release|Any CPU
		{AD9491F2-FD61-4004-B24A-ECBA09C35A4B}.Release|iPhoneSimulator.Deploy.0 = Release|Any CPU
		{393C6D75-AF98-4061-A49A-783D9AC0EBAC}.Debug|Any CPU.ActiveCfg = Debug|iPhone
		{393C6D75-AF98-4061-A49A-783D9AC0EBAC}.Debug|Any CPU.Build.0 = Debug|iPhone
		{393C6D75-AF98-4061-A49A-783D9AC0EBAC}.Debug|Any CPU.Deploy.0 = Debug|iPhone
		{393C6D75-AF98-4061-A49A-783D9AC0EBAC}.Debug|iPhone.ActiveCfg = Debug|iPhone
		{393C6D75-AF98-4061-A49A-783D9AC0EBAC}.Debug|iPhone.Build.0 = Debug|iPhone
		{393C6D75-AF98-4061-A49A-783D9AC0EBAC}.Debug|iPhone.Deploy.0 = Debug|iPhone
		{393C6D75-AF98-4061-A49A-783D9AC0EBAC}.Debug|iPhoneSimulator.ActiveCfg = Debug|iPhoneSimulator
		{393C6D75-AF98-4061-A49A-783D9AC0EBAC}.Debug|iPhoneSimulator.Build.0 = Debug|iPhoneSimulator
		{393C6D75-AF98-4061-A49A-783D9AC0EBAC}.Debug|iPhoneSimulator.Deploy.0 = Debug|iPhoneSimulator
		{393C6D75-AF98-4061-A49A-783D9AC0EBAC}.Release|Any CPU.ActiveCfg = Release|iPhoneSimulator
		{393C6D75-AF98-4061-A49A-783D9AC0EBAC}.Release|Any CPU.Build.0 = Release|iPhoneSimulator
		{393C6D75-AF98-4061-A49A-783D9AC0EBAC}.Release|Any CPU.Deploy.0 = Release|iPhoneSimulator
		{393C6D75-AF98-4061-A49A-783D9AC0EBAC}.Release|iPhone.ActiveCfg = Release|iPhone
		{393C6D75-AF98-4061-A49A-783D9AC0EBAC}.Release|iPhone.Build.0 = Release|iPhone
		{393C6D75-AF98-4061-A49A-783D9AC0EBAC}.Release|iPhone.Deploy.0 = Release|iPhone
		{393C6D75-AF98-4061-A49A-783D9AC0EBAC}.Release|iPhoneSimulator.ActiveCfg = Release|iPhoneSimulator
		{393C6D75-AF98-4061-A49A-783D9AC0EBAC}.Release|iPhoneSimulator.Build.0 = Release|iPhoneSimulator
		{393C6D75-AF98-4061-A49A-783D9AC0EBAC}.Release|iPhoneSimulator.Deploy.0 = Release|iPhoneSimulator
		{7CD1A135-9D21-464B-845B-BF3BBAD0FF80}.Debug|Any CPU.ActiveCfg = Debug|Any CPU
		{7CD1A135-9D21-464B-845B-BF3BBAD0FF80}.Debug|Any CPU.Build.0 = Debug|Any CPU
		{7CD1A135-9D21-464B-845B-BF3BBAD0FF80}.Debug|Any CPU.Deploy.0 = Debug|Any CPU
		{7CD1A135-9D21-464B-845B-BF3BBAD0FF80}.Debug|iPhone.ActiveCfg = Debug|Any CPU
		{7CD1A135-9D21-464B-845B-BF3BBAD0FF80}.Debug|iPhone.Build.0 = Debug|Any CPU
		{7CD1A135-9D21-464B-845B-BF3BBAD0FF80}.Debug|iPhone.Deploy.0 = Debug|Any CPU
		{7CD1A135-9D21-464B-845B-BF3BBAD0FF80}.Debug|iPhoneSimulator.ActiveCfg = Debug|Any CPU
		{7CD1A135-9D21-464B-845B-BF3BBAD0FF80}.Debug|iPhoneSimulator.Build.0 = Debug|Any CPU
		{7CD1A135-9D21-464B-845B-BF3BBAD0FF80}.Debug|iPhoneSimulator.Deploy.0 = Debug|Any CPU
		{7CD1A135-9D21-464B-845B-BF3BBAD0FF80}.Release|Any CPU.ActiveCfg = Release|Any CPU
		{7CD1A135-9D21-464B-845B-BF3BBAD0FF80}.Release|Any CPU.Build.0 = Release|Any CPU
		{7CD1A135-9D21-464B-845B-BF3BBAD0FF80}.Release|Any CPU.Deploy.0 = Release|Any CPU
		{7CD1A135-9D21-464B-845B-BF3BBAD0FF80}.Release|iPhone.ActiveCfg = Release|Any CPU
		{7CD1A135-9D21-464B-845B-BF3BBAD0FF80}.Release|iPhone.Build.0 = Release|Any CPU
		{7CD1A135-9D21-464B-845B-BF3BBAD0FF80}.Release|iPhone.Deploy.0 = Release|Any CPU
		{7CD1A135-9D21-464B-845B-BF3BBAD0FF80}.Release|iPhoneSimulator.ActiveCfg = Release|Any CPU
		{7CD1A135-9D21-464B-845B-BF3BBAD0FF80}.Release|iPhoneSimulator.Build.0 = Release|Any CPU
		{7CD1A135-9D21-464B-845B-BF3BBAD0FF80}.Release|iPhoneSimulator.Deploy.0 = Release|Any CPU
	EndGlobalSection
	GlobalSection(SolutionProperties) = preSolution
		HideSolutionNode = FALSE
	EndGlobalSection
	GlobalSection(ExtensibilityGlobals) = postSolution
		SolutionGuid = {131455A1-D41B-41B3-AE12-6CEC75845B53}
	EndGlobalSection
EndGlobal
